{
  "version": 4,
  "terraform_version": "1.3.1",
  "serial": 39,
  "lineage": "2cd83cbd-731f-d3cf-5792-bce74059a951",
  "outputs": {},
  "resources": [
    {
      "module": "module.wh_setup",
      "mode": "managed",
      "type": "snowflake_database",
      "name": "db",
      "provider": "module.wh_setup.provider[\"registry.terraform.io/snowflake-labs/snowflake\"]",
      "instances": [
        {
          "schema_version": 0,
          "attributes": {
            "comment": "",
            "data_retention_time_in_days": 1,
            "from_database": null,
            "from_replica": null,
            "from_share": null,
            "id": "TF_DEMO_DB",
            "is_transient": false,
            "name": "TF_DEMO_DB",
            "replication_configuration": [],
            "tag": []
          },
          "sensitive_attributes": [],
          "private": "bnVsbA=="
        }
      ]
    },
    {
      "module": "module.wh_setup",
      "mode": "managed",
      "type": "snowflake_database_grant",
      "name": "grant",
      "provider": "module.wh_setup.provider[\"registry.terraform.io/snowflake-labs/snowflake\"].security_admin",
      "instances": [
        {
          "schema_version": 0,
          "attributes": {
            "database_name": "TF_DEMO_DB",
            "enable_multiple_grants": false,
            "id": "TF_DEMO_DB|||USAGE|TF_DEMO_SVC_ROLE|false",
            "privilege": "USAGE",
            "roles": [
              "TF_DEMO_SVC_ROLE"
            ],
            "shares": null,
            "with_grant_option": false
          },
          "sensitive_attributes": [],
          "private": "bnVsbA==",
          "dependencies": [
            "module.wh_setup.snowflake_database.db",
            "module.wh_setup.snowflake_role.role"
          ]
        }
      ]
    },
    {
      "module": "module.wh_setup",
      "mode": "managed",
      "type": "snowflake_role",
      "name": "role",
      "provider": "module.wh_setup.provider[\"registry.terraform.io/snowflake-labs/snowflake\"].security_admin",
      "instances": [
        {
          "schema_version": 0,
          "attributes": {
            "comment": "",
            "id": "TF_DEMO_SVC_ROLE",
            "name": "TF_DEMO_SVC_ROLE",
            "tag": []
          },
          "sensitive_attributes": [],
          "private": "bnVsbA=="
        }
      ]
    },
    {
      "module": "module.wh_setup",
      "mode": "managed",
      "type": "snowflake_role_grants",
      "name": "grants",
      "provider": "module.wh_setup.provider[\"registry.terraform.io/snowflake-labs/snowflake\"].security_admin",
      "instances": [
        {
          "schema_version": 0,
          "attributes": {
            "enable_multiple_grants": false,
            "id": "TF_DEMO_SVC_ROLE|||||false",
            "role_name": "TF_DEMO_SVC_ROLE",
            "roles": null,
            "users": [
              "tf_demo_user"
            ]
          },
          "sensitive_attributes": [],
          "private": "bnVsbA==",
          "dependencies": [
            "module.wh_setup.snowflake_database.db",
            "module.wh_setup.snowflake_role.role",
            "module.wh_setup.snowflake_schema.schema",
            "module.wh_setup.snowflake_user.user",
            "module.wh_setup.snowflake_warehouse.warehouse",
            "module.wh_setup.tls_private_key.svc_key"
          ]
        }
      ]
    },
    {
      "module": "module.wh_setup",
      "mode": "managed",
      "type": "snowflake_schema",
      "name": "schema",
      "provider": "module.wh_setup.provider[\"registry.terraform.io/snowflake-labs/snowflake\"]",
      "instances": [
        {
          "schema_version": 0,
          "attributes": {
            "comment": "",
            "data_retention_days": 1,
            "database": "TF_DEMO_DB",
            "id": "TF_DEMO_DB|TF_DEMO_SECHEMA",
            "is_managed": false,
            "is_transient": false,
            "name": "TF_DEMO_SECHEMA",
            "tag": []
          },
          "sensitive_attributes": [],
          "private": "bnVsbA==",
          "dependencies": [
            "module.wh_setup.snowflake_database.db"
          ]
        }
      ]
    },
    {
      "module": "module.wh_setup",
      "mode": "managed",
      "type": "snowflake_schema_grant",
      "name": "grant",
      "provider": "module.wh_setup.provider[\"registry.terraform.io/snowflake-labs/snowflake\"].security_admin",
      "instances": [
        {
          "schema_version": 0,
          "attributes": {
            "database_name": "TF_DEMO_DB",
            "enable_multiple_grants": false,
            "id": "TF_DEMO_DB|TF_DEMO_SECHEMA||USAGE|TF_DEMO_SVC_ROLE|false",
            "on_future": false,
            "privilege": "USAGE",
            "roles": [
              "TF_DEMO_SVC_ROLE"
            ],
            "schema_name": "TF_DEMO_SECHEMA",
            "shares": null,
            "with_grant_option": false
          },
          "sensitive_attributes": [],
          "private": "bnVsbA==",
          "dependencies": [
            "module.wh_setup.snowflake_database.db",
            "module.wh_setup.snowflake_role.role",
            "module.wh_setup.snowflake_schema.schema"
          ]
        }
      ]
    },
    {
      "module": "module.wh_setup",
      "mode": "managed",
      "type": "snowflake_user",
      "name": "user",
      "provider": "module.wh_setup.provider[\"registry.terraform.io/snowflake-labs/snowflake\"].security_admin",
      "instances": [
        {
          "schema_version": 0,
          "attributes": {
            "comment": "",
            "default_namespace": "TF_DEMO_DB.TF_DEMO_SECHEMA",
            "default_role": "TF_DEMO_SVC_ROLE",
            "default_secondary_roles": null,
            "default_warehouse": "TF_DEMO_WH",
            "disabled": false,
            "display_name": "tf_demo_user",
            "email": "",
            "first_name": "",
            "has_rsa_public_key": true,
            "id": "tf_demo_user",
            "last_name": "",
            "login_name": "TF_DEMO_USER",
            "must_change_password": null,
            "name": "tf_demo_user",
            "password": null,
            "rsa_public_key": "MIIBIjANBgkqhkiG9w0BAQEFAAOCAQ8AMIIBCgKCAQEA2SVkQJ/2anUPPpUVyqOJ\nDMkLHFuG/LBoOvajwUt1157gynXFVR/ujogac17N65DFOEMeh5j6AQJdMMn0O9yP\nb5Ubtqu3LtFHWZ+dmZEEGqr0AWa6AcBxIDWWfJ4ezQiKRT7d1xdPFgDZ/bAHIRA2\no19UGZizxqsG7wjiYCjSfGCOw/+SMc0IE2IsDhvnsw5qF88GvOJQCY/MPnTByO0P\nssldRJ2wWmmc7fNeAOivSLkjhXFkDAALVAuJXijb6rl3UHZH0/4wHW0tiVSZTPJ+\nOP3p/xxgTWi9VBUbqJlZE8mNTrb6+kazmj9GSxkKWgPARVr3FHL7NQOEFQM2pp5t\nxQIDAQAB",
            "rsa_public_key_2": null,
            "tag": []
          },
          "sensitive_attributes": [],
          "private": "bnVsbA==",
          "dependencies": [
            "module.wh_setup.snowflake_database.db",
            "module.wh_setup.snowflake_role.role",
            "module.wh_setup.snowflake_schema.schema",
            "module.wh_setup.snowflake_warehouse.warehouse",
            "module.wh_setup.tls_private_key.svc_key"
          ]
        }
      ]
    },
    {
      "module": "module.wh_setup",
      "mode": "managed",
      "type": "snowflake_warehouse",
      "name": "warehouse",
      "provider": "module.wh_setup.provider[\"registry.terraform.io/snowflake-labs/snowflake\"]",
      "instances": [
        {
          "schema_version": 0,
          "attributes": {
            "auto_resume": true,
            "auto_suspend": 60,
            "comment": "",
            "enable_query_acceleration": false,
            "id": "TF_DEMO_WH",
            "initially_suspended": null,
            "max_cluster_count": 1,
            "max_concurrency_level": 8,
            "min_cluster_count": 1,
            "name": "TF_DEMO_WH",
            "query_acceleration_max_scale_factor": 8,
            "resource_monitor": "null",
            "scaling_policy": "STANDARD",
            "statement_queued_timeout_in_seconds": 0,
            "statement_timeout_in_seconds": 172800,
            "tag": [],
            "wait_for_provisioning": null,
            "warehouse_size": "Large",
            "warehouse_type": "STANDARD"
          },
          "sensitive_attributes": [],
          "private": "bnVsbA=="
        }
      ]
    },
    {
      "module": "module.wh_setup",
      "mode": "managed",
      "type": "snowflake_warehouse_grant",
      "name": "grant",
      "provider": "module.wh_setup.provider[\"registry.terraform.io/snowflake-labs/snowflake\"].security_admin",
      "instances": [
        {
          "schema_version": 0,
          "attributes": {
            "enable_multiple_grants": false,
            "id": "TF_DEMO_WH|||USAGE|TF_DEMO_SVC_ROLE|false",
            "privilege": "USAGE",
            "roles": [
              "TF_DEMO_SVC_ROLE"
            ],
            "warehouse_name": "TF_DEMO_WH",
            "with_grant_option": false
          },
          "sensitive_attributes": [],
          "private": "bnVsbA==",
          "dependencies": [
            "module.wh_setup.snowflake_role.role",
            "module.wh_setup.snowflake_warehouse.warehouse"
          ]
        }
      ]
    },
    {
      "module": "module.wh_setup",
      "mode": "managed",
      "type": "tls_private_key",
      "name": "svc_key",
      "provider": "provider[\"registry.terraform.io/hashicorp/tls\"]",
      "instances": [
        {
          "schema_version": 1,
          "attributes": {
            "algorithm": "RSA",
            "ecdsa_curve": "P224",
            "id": "2c6d52018d62dfc7bdb479ba03934854f5afeccb",
            "private_key_openssh": "-----BEGIN OPENSSH PRIVATE KEY-----\nb3BlbnNzaC1rZXktdjEAAAAABG5vbmUAAAAEbm9uZQAAAAAAAAABAAABFwAAAAdz\nc2gtcnNhAAAAAwEAAQAAAQEA2SVkQJ/2anUPPpUVyqOJDMkLHFuG/LBoOvajwUt1\n157gynXFVR/ujogac17N65DFOEMeh5j6AQJdMMn0O9yPb5Ubtqu3LtFHWZ+dmZEE\nGqr0AWa6AcBxIDWWfJ4ezQiKRT7d1xdPFgDZ/bAHIRA2o19UGZizxqsG7wjiYCjS\nfGCOw/+SMc0IE2IsDhvnsw5qF88GvOJQCY/MPnTByO0PssldRJ2wWmmc7fNeAOiv\nSLkjhXFkDAALVAuJXijb6rl3UHZH0/4wHW0tiVSZTPJ+OP3p/xxgTWi9VBUbqJlZ\nE8mNTrb6+kazmj9GSxkKWgPARVr3FHL7NQOEFQM2pp5txQAAA7hagn9GWoJ/RgAA\nAAdzc2gtcnNhAAABAQDZJWRAn/ZqdQ8+lRXKo4kMyQscW4b8sGg69qPBS3XXnuDK\ndcVVH+6OiBpzXs3rkMU4Qx6HmPoBAl0wyfQ73I9vlRu2q7cu0UdZn52ZkQQaqvQB\nZroBwHEgNZZ8nh7NCIpFPt3XF08WANn9sAchEDajX1QZmLPGqwbvCOJgKNJ8YI7D\n/5IxzQgTYiwOG+ezDmoXzwa84lAJj8w+dMHI7Q+yyV1EnbBaaZzt814A6K9IuSOF\ncWQMAAtUC4leKNvquXdQdkfT/jAdbS2JVJlM8n44/en/HGBNaL1UFRuomVkTyY1O\ntvr6RrOaP0ZLGQpaA8BFWvcUcvs1A4QVAzamnm3FAAAAAwEAAQAAAQBI1kkFgGKo\nnPFrHZj8qtRKzJkEfxMNaaLcvGR7bvNtSya94rk5b4eWmcK9ljxeWuY8lA8GjuK1\nOfTGa8eX2MjoNczg/kJo2twjDO5RV5pX06YbXjjgY4vOsQr0bBmKzuWKiqbhAjmN\n+OUmOkh557VcIZrVJyqOZkniHknI1YidHSw537CORf/LFCX9sXHGu/rlK4XpNX81\nnTOdOAMKYnECwtoBMDIDTJD/xNkR/igk7IwEdxdgaqDSCyd5PrelPWb0B8j1+dq1\nmPdXtOtWD1ytAkCsaAOtwcZAXodWzUvnxqyvLDpOqgK1GVgTwCBwBt4aSUmH8gmH\nCWgpkMsQ/rv1AAAAgQDFZO2L6fN9AikUEtWBY0OgfqRQ2OL04FiDlm6TcRc/fmCq\nn4sV8Ew9FB38qyID4O/obUUVeVtSoXJ/NiPQdXn1IXSd0qx22p/jUq2Xn09W3hXk\n6Bihytsi5T/dZz6okpfy6CaLINpKlxySOcBqZtgotaPgcEGah9NKaR7hnq++wAAA\nAIEA7CFgcA8dBlMDB89AH1Ld662Qf69hBMOf/+qhqtYMwaLuWYurMq3Kx+dYneZk\nlslXeCXWYUyb9H3H9eX6hxsxFhxZgaV+dbCcmq52iotKdGP8YCcDtALzSxonpD+y\nJzlg531L1jLNA40QabYe1DK5XIfgF34CkqnvpggP6t1n43sAAACBAOtrEAS7PD1R\nCuvoOT4wlgW7fTOyyG5BK0G4LVCcqPMt3gKXppt+CEEOUMTwMbEHELMs+1rK06Av\nqmv/qTDuizUQBsayYoOAEXxQNvU07/aW7+NF2I162gP0ZUz1ZaHAqnBMOEtfiWqP\n9bo6Hi6PFQdv7dCzwWhzAeVyGj4O/o+/AAAAAAEC\n-----END OPENSSH PRIVATE KEY-----\n",
            "private_key_pem": "-----BEGIN RSA PRIVATE KEY-----\nMIIEpQIBAAKCAQEA2SVkQJ/2anUPPpUVyqOJDMkLHFuG/LBoOvajwUt1157gynXF\nVR/ujogac17N65DFOEMeh5j6AQJdMMn0O9yPb5Ubtqu3LtFHWZ+dmZEEGqr0AWa6\nAcBxIDWWfJ4ezQiKRT7d1xdPFgDZ/bAHIRA2o19UGZizxqsG7wjiYCjSfGCOw/+S\nMc0IE2IsDhvnsw5qF88GvOJQCY/MPnTByO0PssldRJ2wWmmc7fNeAOivSLkjhXFk\nDAALVAuJXijb6rl3UHZH0/4wHW0tiVSZTPJ+OP3p/xxgTWi9VBUbqJlZE8mNTrb6\n+kazmj9GSxkKWgPARVr3FHL7NQOEFQM2pp5txQIDAQABAoIBAEjWSQWAYqic8Wsd\nmPyq1ErMmQR/Ew1poty8ZHtu821LJr3iuTlvh5aZwr2WPF5a5jyUDwaO4rU59MZr\nx5fYyOg1zOD+Qmja3CMM7lFXmlfTphteOOBji86xCvRsGYrO5YqKpuECOY345SY6\nSHnntVwhmtUnKo5mSeIeScjViJ0dLDnfsI5F/8sUJf2xcca7+uUrhek1fzWdM504\nAwpicQLC2gEwMgNMkP/E2RH+KCTsjAR3F2BqoNILJ3k+t6U9ZvQHyPX52rWY91e0\n61YPXK0CQKxoA63BxkBeh1bNS+fGrK8sOk6qArUZWBPAIHAG3hpJSYfyCYcJaCmQ\nyxD+u/UCgYEA7CFgcA8dBlMDB89AH1Ld662Qf69hBMOf/+qhqtYMwaLuWYurMq3K\nx+dYneZklslXeCXWYUyb9H3H9eX6hxsxFhxZgaV+dbCcmq52iotKdGP8YCcDtALz\nSxonpD+yJzlg531L1jLNA40QabYe1DK5XIfgF34CkqnvpggP6t1n43sCgYEA62sQ\nBLs8PVEK6+g5PjCWBbt9M7LIbkErQbgtUJyo8y3eApemm34IQQ5QxPAxsQcQsyz7\nWsrToC+qa/+pMO6LNRAGxrJig4ARfFA29TTv9pbv40XYjXraA/RlTPVlocCqcEw4\nS1+Jao/1ujoeLo8VB2/t0LPBaHMB5XIaPg7+j78CgYEAyEmjSEm5f9THvEcSB7+9\nVxvYdkWnUGgyfdtiF8sJ9PEjpTawFwOM/jUAWKbE6ZWMqO/HQK6/lgleo/fXoePx\npeSUE0Dx3BfbLeUPzYJKvCDXQCO3o2fhP/HGcC5LCbREuvXvbpeWiA2OP2xoB+ui\niJcEAEk1G3wjNzyda8UzSqMCgYEAoyFEL1MjMgYHgGMhz3NRcdVys7FObAAinl6m\nn/Z+qEv/TGKTo6nYxGPMGjuq41XW/6HK5yYnMRf2ivHU5sBVnEZnu6X+18qV00Ou\nYYn2QjRjNGTA44Des+DVlVdyvnxIXpqiY7BnA32QNCRzp6WkV8v6yiTVf7A5/ylq\n/9faE/cCgYEAxWTti+nzfQIpFBLVgWNDoH6kUNji9OBYg5Zuk3EXP35gqp+LFfBM\nPRQd/KsiA+Dv6G1FFXlbUqFyfzYj0HV59SF0ndKsdtqf41Ktl59PVt4V5OgYocrb\nIuU/3Wc+qJKX8ugmiyDaSpcckjnAambYKLWj4HBBmofTSmke4Z6vvsA=\n-----END RSA PRIVATE KEY-----\n",
            "private_key_pem_pkcs8": "-----BEGIN PRIVATE KEY-----\nMIIEvwIBADANBgkqhkiG9w0BAQEFAASCBKkwggSlAgEAAoIBAQDZJWRAn/ZqdQ8+\nlRXKo4kMyQscW4b8sGg69qPBS3XXnuDKdcVVH+6OiBpzXs3rkMU4Qx6HmPoBAl0w\nyfQ73I9vlRu2q7cu0UdZn52ZkQQaqvQBZroBwHEgNZZ8nh7NCIpFPt3XF08WANn9\nsAchEDajX1QZmLPGqwbvCOJgKNJ8YI7D/5IxzQgTYiwOG+ezDmoXzwa84lAJj8w+\ndMHI7Q+yyV1EnbBaaZzt814A6K9IuSOFcWQMAAtUC4leKNvquXdQdkfT/jAdbS2J\nVJlM8n44/en/HGBNaL1UFRuomVkTyY1Otvr6RrOaP0ZLGQpaA8BFWvcUcvs1A4QV\nAzamnm3FAgMBAAECggEASNZJBYBiqJzxax2Y/KrUSsyZBH8TDWmi3Lxke27zbUsm\nveK5OW+HlpnCvZY8XlrmPJQPBo7itTn0xmvHl9jI6DXM4P5CaNrcIwzuUVeaV9Om\nG1444GOLzrEK9GwZis7lioqm4QI5jfjlJjpIeee1XCGa1ScqjmZJ4h5JyNWInR0s\nOd+wjkX/yxQl/bFxxrv65SuF6TV/NZ0znTgDCmJxAsLaATAyA0yQ/8TZEf4oJOyM\nBHcXYGqg0gsneT63pT1m9AfI9fnatZj3V7TrVg9crQJArGgDrcHGQF6HVs1L58as\nryw6TqoCtRlYE8AgcAbeGklJh/IJhwloKZDLEP679QKBgQDsIWBwDx0GUwMHz0Af\nUt3rrZB/r2EEw5//6qGq1gzBou5Zi6syrcrH51id5mSWyVd4JdZhTJv0fcf15fqH\nGzEWHFmBpX51sJyarnaKi0p0Y/xgJwO0AvNLGiekP7InOWDnfUvWMs0DjRBpth7U\nMrlch+AXfgKSqe+mCA/q3WfjewKBgQDraxAEuzw9UQrr6Dk+MJYFu30zsshuQStB\nuC1QnKjzLd4Cl6abfghBDlDE8DGxBxCzLPtaytOgL6pr/6kw7os1EAbGsmKDgBF8\nUDb1NO/2lu/jRdiNetoD9GVM9WWhwKpwTDhLX4lqj/W6Oh4ujxUHb+3Qs8FocwHl\ncho+Dv6PvwKBgQDISaNISbl/1Me8RxIHv71XG9h2RadQaDJ922IXywn08SOlNrAX\nA4z+NQBYpsTplYyo78dArr+WCV6j99eh4/Gl5JQTQPHcF9st5Q/Ngkq8INdAI7ej\nZ+E/8cZwLksJtES69e9ul5aIDY4/bGgH66KIlwQASTUbfCM3PJ1rxTNKowKBgQCj\nIUQvUyMyBgeAYyHPc1Fx1XKzsU5sACKeXqaf9n6oS/9MYpOjqdjEY8waO6rjVdb/\nocrnJicxF/aK8dTmwFWcRme7pf7XypXTQ65hifZCNGM0ZMDjgN6z4NWVV3K+fEhe\nmqJjsGcDfZA0JHOnpaRXy/rKJNV/sDn/KWr/19oT9wKBgQDFZO2L6fN9AikUEtWB\nY0OgfqRQ2OL04FiDlm6TcRc/fmCqn4sV8Ew9FB38qyID4O/obUUVeVtSoXJ/NiPQ\ndXn1IXSd0qx22p/jUq2Xn09W3hXk6Bihytsi5T/dZz6okpfy6CaLINpKlxySOcBq\nZtgotaPgcEGah9NKaR7hnq++wA==\n-----END PRIVATE KEY-----\n",
            "public_key_fingerprint_md5": "6b:54:4b:7b:00:72:11:2a:9a:1b:51:c4:3e:2c:77:9b",
            "public_key_fingerprint_sha256": "SHA256:rED97CDq5u2DfrkRcVkUntdrkbiTLqRbjh6eepX+e4w",
            "public_key_openssh": "ssh-rsa AAAAB3NzaC1yc2EAAAADAQABAAABAQDZJWRAn/ZqdQ8+lRXKo4kMyQscW4b8sGg69qPBS3XXnuDKdcVVH+6OiBpzXs3rkMU4Qx6HmPoBAl0wyfQ73I9vlRu2q7cu0UdZn52ZkQQaqvQBZroBwHEgNZZ8nh7NCIpFPt3XF08WANn9sAchEDajX1QZmLPGqwbvCOJgKNJ8YI7D/5IxzQgTYiwOG+ezDmoXzwa84lAJj8w+dMHI7Q+yyV1EnbBaaZzt814A6K9IuSOFcWQMAAtUC4leKNvquXdQdkfT/jAdbS2JVJlM8n44/en/HGBNaL1UFRuomVkTyY1Otvr6RrOaP0ZLGQpaA8BFWvcUcvs1A4QVAzamnm3F\n",
            "public_key_pem": "-----BEGIN PUBLIC KEY-----\nMIIBIjANBgkqhkiG9w0BAQEFAAOCAQ8AMIIBCgKCAQEA2SVkQJ/2anUPPpUVyqOJ\nDMkLHFuG/LBoOvajwUt1157gynXFVR/ujogac17N65DFOEMeh5j6AQJdMMn0O9yP\nb5Ubtqu3LtFHWZ+dmZEEGqr0AWa6AcBxIDWWfJ4ezQiKRT7d1xdPFgDZ/bAHIRA2\no19UGZizxqsG7wjiYCjSfGCOw/+SMc0IE2IsDhvnsw5qF88GvOJQCY/MPnTByO0P\nssldRJ2wWmmc7fNeAOivSLkjhXFkDAALVAuJXijb6rl3UHZH0/4wHW0tiVSZTPJ+\nOP3p/xxgTWi9VBUbqJlZE8mNTrb6+kazmj9GSxkKWgPARVr3FHL7NQOEFQM2pp5t\nxQIDAQAB\n-----END PUBLIC KEY-----\n",
            "rsa_bits": 2048
          },
          "sensitive_attributes": []
        }
      ]
    }
  ],
  "check_results": []
}
